
Microsoft Visual Studio Solution File, Format Version 11.00
# Visual Studio 2010
Project("{FAE04EC0-301F-11D3-BF4B-00C04F79EFBC}") = "imu_reader_sharp", "imu_reader_sharp.csproj", "{09DB34F5-2F7C-4E50-B0B3-BCA6441BBCD0}"
EndProject
Global
	GlobalSection(SolutionConfigurationPlatforms) = preSolution
		Debug|x64 = Debug|x64
		Debug|x86 = Debug|x86
		Release|x64 = Release|x64
		Release|x86 = Release|x86
	EndGlobalSection
	GlobalSection(ProjectConfigurationPlatforms) = postSolution
		{09DB34F5-2F7C-4E50-B0B3-BCA6441BBCD0}.Debug|x64.ActiveCfg = Debug|x64
		{09DB34F5-2F7C-4E50-B0B3-BCA6441BBCD0}.Debug|x64.Build.0 = Debug|x64
		{09DB34F5-2F7C-4E50-B0B3-BCA6441BBCD0}.Debug|x86.ActiveCfg = Debug|x86
		{09DB34F5-2F7C-4E50-B0B3-BCA6441BBCD0}.Debug|x86.Build.0 = Debug|x86
		{09DB34F5-2F7C-4E50-B0B3-BCA6441BBCD0}.Release|x64.ActiveCfg = Release|x86
		{09DB34F5-2F7C-4E50-B0B3-BCA6441BBCD0}.Release|x64.Build.0 = Release|x86
		{09DB34F5-2F7C-4E50-B0B3-BCA6441BBCD0}.Release|x86.ActiveCfg = Release|x86
		{09DB34F5-2F7C-4E50-B0B3-BCA6441BBCD0}.Release|x86.Build.0 = Release|x86
	EndGlobalSection
	GlobalSection(SolutionProperties) = preSolution
		HideSolutionNode = FALSE
	EndGlobalSection
EndGlobal
